
Microsoft Visual Studio Solution File, Format Version 12.00
# Visual Studio Version 17
VisualStudioVersion = 17.9.34701.34
MinimumVisualStudioVersion = 10.0.40219.1
Project("{F184B08F-C81C-45F6-A57F-5ABD9991F28F}") = "Lucas_Franklin_assignment2", "Lucas_Franklin_assignment2.vbproj", "{5F27CED0-97EE-44D3-B900-D9FC5B44C8EB}"
EndProject
Global
	GlobalSection(SolutionConfigurationPlatforms) = preSolution
		Debug|Any CPU = Debug|Any CPU
		Release|Any CPU = Release|Any CPU
	EndGlobalSection
	GlobalSection(ProjectConfigurationPlatforms) = postSolution
		{5F27CED0-97EE-44D3-B900-D9FC5B44C8EB}.Debug|Any CPU.ActiveCfg = Debug|Any CPU
		{5F27CED0-97EE-44D3-B900-D9FC5B44C8EB}.Debug|Any CPU.Build.0 = Debug|Any CPU
		{5F27CED0-97EE-44D3-B900-D9FC5B44C8EB}.Release|Any CPU.ActiveCfg = Release|Any CPU
		{5F27CED0-97EE-44D3-B900-D9FC5B44C8EB}.Release|Any CPU.Build.0 = Release|Any CPU
	EndGlobalSection
	GlobalSection(SolutionProperties) = preSolution
		HideSolutionNode = FALSE
	EndGlobalSection
	GlobalSection(ExtensibilityGlobals) = postSolution
		SolutionGuid = {CB3593A9-E646-4315-B90D-B3E5CF5F7230}
	EndGlobalSection
EndGlobal
